
Microsoft Visual Studio Solution File, Format Version 12.00
# Visual Studio Version 17
VisualStudioVersion = 17.14.36121.58 d17.14
MinimumVisualStudioVersion = 10.0.40219.1
Project("{FAE04EC0-301F-11D3-BF4B-00C04F79EFBC}") = "CRMDemo", "CRMDemo.csproj", "{DD4C4242-2BEF-46B3-BCD5-8933A169C10F}"
EndProject
Global
	GlobalSection(SolutionConfigurationPlatforms) = preSolution
		Debug|Any CPU = Debug|Any CPU
		Release|Any CPU = Release|Any CPU
	EndGlobalSection
	GlobalSection(ProjectConfigurationPlatforms) = postSolution
		{DD4C4242-2BEF-46B3-BCD5-8933A169C10F}.Debug|Any CPU.ActiveCfg = Debug|Any CPU
		{DD4C4242-2BEF-46B3-BCD5-8933A169C10F}.Debug|Any CPU.Build.0 = Debug|Any CPU
		{DD4C4242-2BEF-46B3-BCD5-8933A169C10F}.Release|Any CPU.ActiveCfg = Release|Any CPU
		{DD4C4242-2BEF-46B3-BCD5-8933A169C10F}.Release|Any CPU.Build.0 = Release|Any CPU
	EndGlobalSection
	GlobalSection(SolutionProperties) = preSolution
		HideSolutionNode = FALSE
	EndGlobalSection
	GlobalSection(ExtensibilityGlobals) = postSolution
		SolutionGuid = {039C6FE0-6D2E-448D-BFC6-7C732E59796C}
	EndGlobalSection
EndGlobal
